
Microsoft Visual Studio Solution File, Format Version 12.00
# Visual Studio Version 16
VisualStudioVersion = 16.0.29926.136
MinimumVisualStudioVersion = 10.0.40219.1
Project("{9A19103F-16F7-4668-BE54-9A1E7A4F7556}") = "GigTracker", "GigTracker\GigTracker.csproj", "{CEC91CC1-74B7-4000-A3EB-42461FC7D553}"
EndProject
Project("{9A19103F-16F7-4668-BE54-9A1E7A4F7556}") = "GigTrackerTestProject", "GigTrackerTestProject\GigTrackerTestProject.csproj", "{F541F706-C5E1-4D6B-AD49-C6AC6A52838C}"
EndProject
Project("{2150E333-8FDC-42A3-9474-1A3956D46DE8}") = "Solution Items", "Solution Items", "{6F147637-408F-4A58-9F5D-7344FF29B1D7}"
EndProject
Global
	GlobalSection(SolutionConfigurationPlatforms) = preSolution
		Debug|Any CPU = Debug|Any CPU
		Release|Any CPU = Release|Any CPU
	EndGlobalSection
	GlobalSection(ProjectConfigurationPlatforms) = postSolution
		{CEC91CC1-74B7-4000-A3EB-42461FC7D553}.Debug|Any CPU.ActiveCfg = Debug|Any CPU
		{CEC91CC1-74B7-4000-A3EB-42461FC7D553}.Debug|Any CPU.Build.0 = Debug|Any CPU
		{CEC91CC1-74B7-4000-A3EB-42461FC7D553}.Release|Any CPU.ActiveCfg = Release|Any CPU
		{CEC91CC1-74B7-4000-A3EB-42461FC7D553}.Release|Any CPU.Build.0 = Release|Any CPU
		{F541F706-C5E1-4D6B-AD49-C6AC6A52838C}.Debug|Any CPU.ActiveCfg = Debug|Any CPU
		{F541F706-C5E1-4D6B-AD49-C6AC6A52838C}.Debug|Any CPU.Build.0 = Debug|Any CPU
		{F541F706-C5E1-4D6B-AD49-C6AC6A52838C}.Release|Any CPU.ActiveCfg = Release|Any CPU
		{F541F706-C5E1-4D6B-AD49-C6AC6A52838C}.Release|Any CPU.Build.0 = Release|Any CPU
	EndGlobalSection
	GlobalSection(SolutionProperties) = preSolution
		HideSolutionNode = FALSE
	EndGlobalSection
	GlobalSection(ExtensibilityGlobals) = postSolution
		SolutionGuid = {BC1FD603-A68E-46B7-BAE5-544732DD3BEF}
	EndGlobalSection
EndGlobal
